
Microsoft Visual Studio Solution File, Format Version 12.00
# Visual Studio 2010
Project("{2150E333-8FDC-42A3-9474-1A3956D46DE8}") = "Core", "Core", "{2EAA3D0B-A9B2-4593-9703-CB1009B30AAD}"
EndProject
Project("{2150E333-8FDC-42A3-9474-1A3956D46DE8}") = "CSharp", "CSharp", "{6FD1BADB-7D56-4EB0-B0AC-CD83068FF4CF}"
EndProject
Project("{2150E333-8FDC-42A3-9474-1A3956D46DE8}") = "Windows Forms", "Windows Forms", "{400007E1-8E5A-4F50-B253-1EAB280B5BA9}"
EndProject
Project("{2150E333-8FDC-42A3-9474-1A3956D46DE8}") = "CSharp", "CSharp", "{79A66255-FF07-40AB-83BB-1A899699ED0C}"
EndProject
Project("{2150E333-8FDC-42A3-9474-1A3956D46DE8}") = "WPF", "WPF", "{48B86058-3A80-4ADE-9046-5D8CB1BE96D6}"
EndProject
Project("{2150E333-8FDC-42A3-9474-1A3956D46DE8}") = "CSharp", "CSharp", "{E7C97B3E-564D-40BB-B073-A8100CD6A47F}"
EndProject
Project("{FAE04EC0-301F-11D3-BF4B-00C04F79EFBC}") = "BasicSample", "Core\CSharp\BasicSample\BasicSample.csproj", "{81B43F18-EFE9-4DF9-8E85-8C9C8AD425C0}"
EndProject
Project("{FAE04EC0-301F-11D3-BF4B-00C04F79EFBC}") = "WinFormsSample", "Windows Forms\CSharp\WinFormsSample\WinFormsSample.csproj", "{233E6FAF-9130-45A8-A199-2DFFDC76EABD}"
EndProject
Project("{FAE04EC0-301F-11D3-BF4B-00C04F79EFBC}") = "WebControlSample", "WPF\CSharp\WebControlSample\WebControlSample.csproj", "{77C404AF-EED6-44D7-8BF5-E1AB84F3CD01}"
EndProject
Project("{2150E333-8FDC-42A3-9474-1A3956D46DE8}") = "Visual Basic", "Visual Basic", "{2698BFC9-6977-4E71-8633-3709DA0348C0}"
EndProject
Project("{2150E333-8FDC-42A3-9474-1A3956D46DE8}") = "Visual Basic", "Visual Basic", "{B3896B9B-F575-4999-A2B5-00693EB99480}"
EndProject
Project("{FAE04EC0-301F-11D3-BF4B-00C04F79EFBC}") = "JavascriptSample", "Windows Forms\CSharp\JavascriptSample\JavascriptSample.csproj", "{215A2C59-DB3C-457E-ACBD-C702511964B8}"
EndProject
Project("{F184B08F-C81C-45F6-A57F-5ABD9991F28F}") = "VBWebControlSample", "Windows Forms\Visual Basic\WebControlSample\VBWebControlSample.vbproj", "{AF9A8BDF-B4C0-4CFE-884F-C5877B0D4C92}"
EndProject
Project("{F184B08F-C81C-45F6-A57F-5ABD9991F28F}") = "VBWPFSample", "WPF\Visual Basic\VBWPFSample\VBWPFSample.vbproj", "{A97661EF-D5C9-436F-A86F-8BEC6DBCC122}"
EndProject
Project("{FAE04EC0-301F-11D3-BF4B-00C04F79EFBC}") = "TabbedFormsSample", "Windows Forms\CSharp\WebControlSample\TabbedFormsSample.csproj", "{AE6943EA-06D8-40F0-B320-760A0A632AF6}"
	ProjectSection(ProjectDependencies) = postProject
		{6D5AF86E-EEA5-4344-93DF-3F6AFCBB506E} = {6D5AF86E-EEA5-4344-93DF-3F6AFCBB506E}
	EndProjectSection
EndProject
Project("{FAE04EC0-301F-11D3-BF4B-00C04F79EFBC}") = "TabbedWPFSample", "WPF\CSharp\TabbedWPFSample\TabbedWPFSample.csproj", "{F6B81B2F-B11F-4F7F-8446-16E277E3F1BB}"
	ProjectSection(ProjectDependencies) = postProject
		{844AF18A-53EA-4038-A240-F4BC3CCEFC95} = {844AF18A-53EA-4038-A240-F4BC3CCEFC95}
	EndProjectSection
EndProject
Project("{2150E333-8FDC-42A3-9474-1A3956D46DE8}") = "WinFormsUI.Docking", "WinFormsUI.Docking", "{90860D47-D147-4911-A83D-58BCFC7278FA}"
	ProjectSection(SolutionItems) = preProject
		Windows Forms\WinFormsUI.Docking\LICENSE.txt = Windows Forms\WinFormsUI.Docking\LICENSE.txt
		Windows Forms\WinFormsUI.Docking\README.txt = Windows Forms\WinFormsUI.Docking\README.txt
		Windows Forms\WinFormsUI.Docking\WeifenLuo.WinFormsUI.Docking.dll = Windows Forms\WinFormsUI.Docking\WeifenLuo.WinFormsUI.Docking.dll
	EndProjectSection
EndProject
Project("{2150E333-8FDC-42A3-9474-1A3956D46DE8}") = "Awesomium Version", "Awesomium Version", "{62655A07-5F6C-464B-A4B6-FC65D31ABFDD}"
	ProjectSection(SolutionItems) = preProject
		Awesomium Version\Version.proj = Awesomium Version\Version.proj
	EndProjectSection
EndProject
Project("{FAE04EC0-301F-11D3-BF4B-00C04F79EFBC}") = "WPFJavascriptSample", "WPF\CSharp\WPFJavascriptSample\WPFJavascriptSample.csproj", "{D3FE02E6-8174-4A3A-8077-490979F5C8BD}"
EndProject
Project("{2150E333-8FDC-42A3-9474-1A3956D46DE8}") = "Visual Basic", "Visual Basic", "{E04902F1-A456-475C-B36B-FA38F4B4547C}"
EndProject
Project("{F184B08F-C81C-45F6-A57F-5ABD9991F28F}") = "BasicVBSample", "Core\Visual Basic\BasicVBSample\BasicVBSample.vbproj", "{35375284-467B-452B-A779-5453A43AFAFC}"
EndProject
Project("{2150E333-8FDC-42A3-9474-1A3956D46DE8}") = "C++", "C++", "{C89F5195-5658-48B9-8DC6-514C05C5BAAB}"
EndProject
Project("{8BC9CEB8-8B4A-11D0-8D11-00A0C91BC942}") = "Awesomium", "Core\C++\Awesomium\Awesomium.vcxproj", "{844AF18A-53EA-4038-A240-F4BC3CCEFC95}"
EndProject
Project("{FAE04EC0-301F-11D3-BF4B-00C04F79EFBC}") = "BasicAsyncSample", "Core\CSharp\BasicAsyncSample\BasicAsyncSample.csproj", "{78B0F6F3-B9D1-405A-A1F7-B4C69AE7E444}"
EndProject
Project("{FAE04EC0-301F-11D3-BF4B-00C04F79EFBC}") = "CustomProcess", "Core\CSharp\CustomProcess\CustomProcess.csproj", "{6D5AF86E-EEA5-4344-93DF-3F6AFCBB506E}"
EndProject
Project("{2150E333-8FDC-42A3-9474-1A3956D46DE8}") = "MahApps.Metro", "MahApps.Metro", "{F8BE5970-6E75-4B51-9A2E-E902EF4C34FB}"
	ProjectSection(SolutionItems) = preProject
		WPF\MahApps.Metro\LICENSE.txt = WPF\MahApps.Metro\LICENSE.txt
		WPF\MahApps.Metro\MahApps.Metro.dll = WPF\MahApps.Metro\MahApps.Metro.dll
		WPF\MahApps.Metro\MahApps.Metro.Resources.dll = WPF\MahApps.Metro\MahApps.Metro.Resources.dll
	EndProjectSection
EndProject
Project("{FAE04EC0-301F-11D3-BF4B-00C04F79EFBC}") = "StarterSample", "WPF\CSharp\StarterSample\StarterSample.csproj", "{A201C888-58C4-4BBC-81B0-50089012B59D}"
EndProject
Project("{F184B08F-C81C-45F6-A57F-5ABD9991F28F}") = "VBStarterSample", "WPF\Visual Basic\VBStarterSample\VBStarterSample.vbproj", "{837925F9-5C71-4CEA-9716-90D30F41A0F4}"
EndProject
Global
	GlobalSection(SolutionConfigurationPlatforms) = preSolution
		Debug|x86 = Debug|x86
		Release|x86 = Release|x86
	EndGlobalSection
	GlobalSection(ProjectConfigurationPlatforms) = postSolution
		{81B43F18-EFE9-4DF9-8E85-8C9C8AD425C0}.Debug|x86.ActiveCfg = Debug|x86
		{81B43F18-EFE9-4DF9-8E85-8C9C8AD425C0}.Debug|x86.Build.0 = Debug|x86
		{81B43F18-EFE9-4DF9-8E85-8C9C8AD425C0}.Release|x86.ActiveCfg = Release|x86
		{81B43F18-EFE9-4DF9-8E85-8C9C8AD425C0}.Release|x86.Build.0 = Release|x86
		{233E6FAF-9130-45A8-A199-2DFFDC76EABD}.Debug|x86.ActiveCfg = Debug|x86
		{233E6FAF-9130-45A8-A199-2DFFDC76EABD}.Debug|x86.Build.0 = Debug|x86
		{233E6FAF-9130-45A8-A199-2DFFDC76EABD}.Release|x86.ActiveCfg = Release|x86
		{233E6FAF-9130-45A8-A199-2DFFDC76EABD}.Release|x86.Build.0 = Release|x86
		{77C404AF-EED6-44D7-8BF5-E1AB84F3CD01}.Debug|x86.ActiveCfg = Debug|x86
		{77C404AF-EED6-44D7-8BF5-E1AB84F3CD01}.Debug|x86.Build.0 = Debug|x86
		{77C404AF-EED6-44D7-8BF5-E1AB84F3CD01}.Release|x86.ActiveCfg = Release|x86
		{77C404AF-EED6-44D7-8BF5-E1AB84F3CD01}.Release|x86.Build.0 = Release|x86
		{215A2C59-DB3C-457E-ACBD-C702511964B8}.Debug|x86.ActiveCfg = Debug|x86
		{215A2C59-DB3C-457E-ACBD-C702511964B8}.Debug|x86.Build.0 = Debug|x86
		{215A2C59-DB3C-457E-ACBD-C702511964B8}.Release|x86.ActiveCfg = Release|x86
		{215A2C59-DB3C-457E-ACBD-C702511964B8}.Release|x86.Build.0 = Release|x86
		{AF9A8BDF-B4C0-4CFE-884F-C5877B0D4C92}.Debug|x86.ActiveCfg = Debug|x86
		{AF9A8BDF-B4C0-4CFE-884F-C5877B0D4C92}.Debug|x86.Build.0 = Debug|x86
		{AF9A8BDF-B4C0-4CFE-884F-C5877B0D4C92}.Release|x86.ActiveCfg = Release|x86
		{AF9A8BDF-B4C0-4CFE-884F-C5877B0D4C92}.Release|x86.Build.0 = Release|x86
		{A97661EF-D5C9-436F-A86F-8BEC6DBCC122}.Debug|x86.ActiveCfg = Debug|x86
		{A97661EF-D5C9-436F-A86F-8BEC6DBCC122}.Debug|x86.Build.0 = Debug|x86
		{A97661EF-D5C9-436F-A86F-8BEC6DBCC122}.Release|x86.ActiveCfg = Release|x86
		{A97661EF-D5C9-436F-A86F-8BEC6DBCC122}.Release|x86.Build.0 = Release|x86
		{AE6943EA-06D8-40F0-B320-760A0A632AF6}.Debug|x86.ActiveCfg = Debug|x86
		{AE6943EA-06D8-40F0-B320-760A0A632AF6}.Debug|x86.Build.0 = Debug|x86
		{AE6943EA-06D8-40F0-B320-760A0A632AF6}.Release|x86.ActiveCfg = Release|x86
		{AE6943EA-06D8-40F0-B320-760A0A632AF6}.Release|x86.Build.0 = Release|x86
		{F6B81B2F-B11F-4F7F-8446-16E277E3F1BB}.Debug|x86.ActiveCfg = Debug|x86
		{F6B81B2F-B11F-4F7F-8446-16E277E3F1BB}.Debug|x86.Build.0 = Debug|x86
		{F6B81B2F-B11F-4F7F-8446-16E277E3F1BB}.Release|x86.ActiveCfg = Release|x86
		{F6B81B2F-B11F-4F7F-8446-16E277E3F1BB}.Release|x86.Build.0 = Release|x86
		{D3FE02E6-8174-4A3A-8077-490979F5C8BD}.Debug|x86.ActiveCfg = Debug|x86
		{D3FE02E6-8174-4A3A-8077-490979F5C8BD}.Debug|x86.Build.0 = Debug|x86
		{D3FE02E6-8174-4A3A-8077-490979F5C8BD}.Release|x86.ActiveCfg = Release|x86
		{D3FE02E6-8174-4A3A-8077-490979F5C8BD}.Release|x86.Build.0 = Release|x86
		{35375284-467B-452B-A779-5453A43AFAFC}.Debug|x86.ActiveCfg = Debug|x86
		{35375284-467B-452B-A779-5453A43AFAFC}.Debug|x86.Build.0 = Debug|x86
		{35375284-467B-452B-A779-5453A43AFAFC}.Release|x86.ActiveCfg = Release|x86
		{35375284-467B-452B-A779-5453A43AFAFC}.Release|x86.Build.0 = Release|x86
		{844AF18A-53EA-4038-A240-F4BC3CCEFC95}.Debug|x86.ActiveCfg = Debug|Win32
		{844AF18A-53EA-4038-A240-F4BC3CCEFC95}.Debug|x86.Build.0 = Debug|Win32
		{844AF18A-53EA-4038-A240-F4BC3CCEFC95}.Release|x86.ActiveCfg = Release|Win32
		{844AF18A-53EA-4038-A240-F4BC3CCEFC95}.Release|x86.Build.0 = Release|Win32
		{78B0F6F3-B9D1-405A-A1F7-B4C69AE7E444}.Debug|x86.ActiveCfg = Debug|x86
		{78B0F6F3-B9D1-405A-A1F7-B4C69AE7E444}.Debug|x86.Build.0 = Debug|x86
		{78B0F6F3-B9D1-405A-A1F7-B4C69AE7E444}.Release|x86.ActiveCfg = Release|x86
		{78B0F6F3-B9D1-405A-A1F7-B4C69AE7E444}.Release|x86.Build.0 = Release|x86
		{6D5AF86E-EEA5-4344-93DF-3F6AFCBB506E}.Debug|x86.ActiveCfg = Debug|x86
		{6D5AF86E-EEA5-4344-93DF-3F6AFCBB506E}.Debug|x86.Build.0 = Debug|x86
		{6D5AF86E-EEA5-4344-93DF-3F6AFCBB506E}.Release|x86.ActiveCfg = Release|x86
		{6D5AF86E-EEA5-4344-93DF-3F6AFCBB506E}.Release|x86.Build.0 = Release|x86
		{A201C888-58C4-4BBC-81B0-50089012B59D}.Debug|x86.ActiveCfg = Debug|x86
		{A201C888-58C4-4BBC-81B0-50089012B59D}.Debug|x86.Build.0 = Debug|x86
		{A201C888-58C4-4BBC-81B0-50089012B59D}.Release|x86.ActiveCfg = Release|x86
		{A201C888-58C4-4BBC-81B0-50089012B59D}.Release|x86.Build.0 = Release|x86
		{837925F9-5C71-4CEA-9716-90D30F41A0F4}.Debug|x86.ActiveCfg = Debug|x86
		{837925F9-5C71-4CEA-9716-90D30F41A0F4}.Debug|x86.Build.0 = Debug|x86
		{837925F9-5C71-4CEA-9716-90D30F41A0F4}.Release|x86.ActiveCfg = Release|x86
		{837925F9-5C71-4CEA-9716-90D30F41A0F4}.Release|x86.Build.0 = Release|x86
	EndGlobalSection
	GlobalSection(SolutionProperties) = preSolution
		HideSolutionNode = FALSE
	EndGlobalSection
	GlobalSection(NestedProjects) = preSolution
		{6FD1BADB-7D56-4EB0-B0AC-CD83068FF4CF} = {2EAA3D0B-A9B2-4593-9703-CB1009B30AAD}
		{E04902F1-A456-475C-B36B-FA38F4B4547C} = {2EAA3D0B-A9B2-4593-9703-CB1009B30AAD}
		{C89F5195-5658-48B9-8DC6-514C05C5BAAB} = {2EAA3D0B-A9B2-4593-9703-CB1009B30AAD}
		{81B43F18-EFE9-4DF9-8E85-8C9C8AD425C0} = {6FD1BADB-7D56-4EB0-B0AC-CD83068FF4CF}
		{78B0F6F3-B9D1-405A-A1F7-B4C69AE7E444} = {6FD1BADB-7D56-4EB0-B0AC-CD83068FF4CF}
		{6D5AF86E-EEA5-4344-93DF-3F6AFCBB506E} = {6FD1BADB-7D56-4EB0-B0AC-CD83068FF4CF}
		{79A66255-FF07-40AB-83BB-1A899699ED0C} = {400007E1-8E5A-4F50-B253-1EAB280B5BA9}
		{B3896B9B-F575-4999-A2B5-00693EB99480} = {400007E1-8E5A-4F50-B253-1EAB280B5BA9}
		{90860D47-D147-4911-A83D-58BCFC7278FA} = {400007E1-8E5A-4F50-B253-1EAB280B5BA9}
		{233E6FAF-9130-45A8-A199-2DFFDC76EABD} = {79A66255-FF07-40AB-83BB-1A899699ED0C}
		{215A2C59-DB3C-457E-ACBD-C702511964B8} = {79A66255-FF07-40AB-83BB-1A899699ED0C}
		{AE6943EA-06D8-40F0-B320-760A0A632AF6} = {79A66255-FF07-40AB-83BB-1A899699ED0C}
		{E7C97B3E-564D-40BB-B073-A8100CD6A47F} = {48B86058-3A80-4ADE-9046-5D8CB1BE96D6}
		{2698BFC9-6977-4E71-8633-3709DA0348C0} = {48B86058-3A80-4ADE-9046-5D8CB1BE96D6}
		{F8BE5970-6E75-4B51-9A2E-E902EF4C34FB} = {48B86058-3A80-4ADE-9046-5D8CB1BE96D6}
		{77C404AF-EED6-44D7-8BF5-E1AB84F3CD01} = {E7C97B3E-564D-40BB-B073-A8100CD6A47F}
		{F6B81B2F-B11F-4F7F-8446-16E277E3F1BB} = {E7C97B3E-564D-40BB-B073-A8100CD6A47F}
		{D3FE02E6-8174-4A3A-8077-490979F5C8BD} = {E7C97B3E-564D-40BB-B073-A8100CD6A47F}
		{A201C888-58C4-4BBC-81B0-50089012B59D} = {E7C97B3E-564D-40BB-B073-A8100CD6A47F}
		{A97661EF-D5C9-436F-A86F-8BEC6DBCC122} = {2698BFC9-6977-4E71-8633-3709DA0348C0}
		{837925F9-5C71-4CEA-9716-90D30F41A0F4} = {2698BFC9-6977-4E71-8633-3709DA0348C0}
		{AF9A8BDF-B4C0-4CFE-884F-C5877B0D4C92} = {B3896B9B-F575-4999-A2B5-00693EB99480}
		{35375284-467B-452B-A779-5453A43AFAFC} = {E04902F1-A456-475C-B36B-FA38F4B4547C}
		{844AF18A-53EA-4038-A240-F4BC3CCEFC95} = {C89F5195-5658-48B9-8DC6-514C05C5BAAB}
	EndGlobalSection
EndGlobal
